// !$*UTF8*$!
{
	archiveVersion = 1;
	classes = {
	};
	objectVersion = 45;
	objects = {

/* Begin PBXBuildFile section */
		5DB1F1E412726735006E0583 /* Restfulie.h in Headers */ = {isa = PBXBuildFile; fileRef = 5DB1F1E212726735006E0583 /* Restfulie.h */; };
		5DB1F1E512726735006E0583 /* Restfulie.m in Sources */ = {isa = PBXBuildFile; fileRef = 5DB1F1E312726735006E0583 /* Restfulie.m */; };
		5DB1F1E8127267B3006E0583 /* Response.h in Headers */ = {isa = PBXBuildFile; fileRef = 5DB1F1E6127267B3006E0583 /* Response.h */; };
		5DB1F1E9127267B3006E0583 /* Response.m in Sources */ = {isa = PBXBuildFile; fileRef = 5DB1F1E7127267B3006E0583 /* Response.m */; };
		5DB1F1EE12726C7C006E0583 /* Request.h in Headers */ = {isa = PBXBuildFile; fileRef = 5DB1F1EC12726C7C006E0583 /* Request.h */; };
		5DB1F1EF12726C7C006E0583 /* Request.m in Sources */ = {isa = PBXBuildFile; fileRef = 5DB1F1ED12726C7C006E0583 /* Request.m */; };
		5DB1F20412726E29006E0583 /* Resource.h in Headers */ = {isa = PBXBuildFile; fileRef = 5DB1F20212726E29006E0583 /* Resource.h */; };
		5DB1F20512726E29006E0583 /* Resource.m in Sources */ = {isa = PBXBuildFile; fileRef = 5DB1F20312726E29006E0583 /* Resource.m */; };
		5DB1F21612726EC2006E0583 /* DesignTesting.h in Headers */ = {isa = PBXBuildFile; fileRef = 5DB1F21412726EC2006E0583 /* DesignTesting.h */; };
		5DB1F21712726EC2006E0583 /* DesignTesting.m in Sources */ = {isa = PBXBuildFile; fileRef = 5DB1F21512726EC2006E0583 /* DesignTesting.m */; };
		5DB1F26112727946006E0583 /* Offer.h in Headers */ = {isa = PBXBuildFile; fileRef = 5DB1F25F12727946006E0583 /* Offer.h */; };
		5DB1F26212727946006E0583 /* Offer.m in Sources */ = {isa = PBXBuildFile; fileRef = 5DB1F26012727946006E0583 /* Offer.m */; };
		5DB1F2CE12727FD9006E0583 /* JSON.h in Headers */ = {isa = PBXBuildFile; fileRef = 5DB1F2C312727FD9006E0583 /* JSON.h */; };
		5DB1F2CF12727FD9006E0583 /* NSObject+SBJSON.h in Headers */ = {isa = PBXBuildFile; fileRef = 5DB1F2C412727FD9006E0583 /* NSObject+SBJSON.h */; };
		5DB1F2D012727FD9006E0583 /* NSObject+SBJSON.m in Sources */ = {isa = PBXBuildFile; fileRef = 5DB1F2C512727FD9006E0583 /* NSObject+SBJSON.m */; };
		5DB1F2D112727FD9006E0583 /* NSString+SBJSON.h in Headers */ = {isa = PBXBuildFile; fileRef = 5DB1F2C612727FD9006E0583 /* NSString+SBJSON.h */; };
		5DB1F2D212727FD9006E0583 /* NSString+SBJSON.m in Sources */ = {isa = PBXBuildFile; fileRef = 5DB1F2C712727FD9006E0583 /* NSString+SBJSON.m */; };
		5DB1F2D312727FD9006E0583 /* SBJsonBase.h in Headers */ = {isa = PBXBuildFile; fileRef = 5DB1F2C812727FD9006E0583 /* SBJsonBase.h */; };
		5DB1F2D412727FD9006E0583 /* SBJsonBase.m in Sources */ = {isa = PBXBuildFile; fileRef = 5DB1F2C912727FD9006E0583 /* SBJsonBase.m */; };
		5DB1F2D512727FD9006E0583 /* SBJsonParser.h in Headers */ = {isa = PBXBuildFile; fileRef = 5DB1F2CA12727FD9006E0583 /* SBJsonParser.h */; };
		5DB1F2D612727FD9006E0583 /* SBJsonParser.m in Sources */ = {isa = PBXBuildFile; fileRef = 5DB1F2CB12727FD9006E0583 /* SBJsonParser.m */; };
		5DB1F2D712727FD9006E0583 /* SBJsonWriter.h in Headers */ = {isa = PBXBuildFile; fileRef = 5DB1F2CC12727FD9006E0583 /* SBJsonWriter.h */; };
		5DB1F2D812727FD9006E0583 /* SBJsonWriter.m in Sources */ = {isa = PBXBuildFile; fileRef = 5DB1F2CD12727FD9006E0583 /* SBJsonWriter.m */; };
		5DB1F2F012728061006E0583 /* JSONUnmarshaller.h in Headers */ = {isa = PBXBuildFile; fileRef = 5DB1F2EE12728061006E0583 /* JSONUnmarshaller.h */; };
		5DB1F2F112728061006E0583 /* JSONUnmarshaller.m in Sources */ = {isa = PBXBuildFile; fileRef = 5DB1F2EF12728061006E0583 /* JSONUnmarshaller.m */; };
		5DB1F2FF127281D0006E0583 /* Unmarshaller.h in Headers */ = {isa = PBXBuildFile; fileRef = 5DB1F2FD127281D0006E0583 /* Unmarshaller.h */; };
		5DB1F3981272883F006E0583 /* Main.h in Headers */ = {isa = PBXBuildFile; fileRef = 5DB1F3961272883F006E0583 /* Main.h */; };
		5DB1F3991272883F006E0583 /* Main.m in Sources */ = {isa = PBXBuildFile; fileRef = 5DB1F3971272883F006E0583 /* Main.m */; };
		D2AAC0CC05546C4400DB518D /* Cocoa.framework in Frameworks */ = {isa = PBXBuildFile; fileRef = 1058C7B1FEA5585E11CA2CBB /* Cocoa.framework */; };
/* End PBXBuildFile section */

/* Begin PBXFileReference section */
		0867D69BFE84028FC02AAC07 /* Foundation.framework */ = {isa = PBXFileReference; lastKnownFileType = wrapper.framework; name = Foundation.framework; path = /System/Library/Frameworks/Foundation.framework; sourceTree = "<absolute>"; };
		0867D6A5FE840307C02AAC07 /* AppKit.framework */ = {isa = PBXFileReference; lastKnownFileType = wrapper.framework; name = AppKit.framework; path = /System/Library/Frameworks/AppKit.framework; sourceTree = "<absolute>"; };
		1058C7B1FEA5585E11CA2CBB /* Cocoa.framework */ = {isa = PBXFileReference; lastKnownFileType = wrapper.framework; name = Cocoa.framework; path = /System/Library/Frameworks/Cocoa.framework; sourceTree = "<absolute>"; };
		32DBCF5E0370ADEE00C91783 /* restfulie-objc_Prefix.pch */ = {isa = PBXFileReference; fileEncoding = 4; lastKnownFileType = sourcecode.c.h; path = "restfulie-objc_Prefix.pch"; sourceTree = "<group>"; };
		5DB1F1E212726735006E0583 /* Restfulie.h */ = {isa = PBXFileReference; fileEncoding = 4; lastKnownFileType = sourcecode.c.h; path = Restfulie.h; sourceTree = "<group>"; };
		5DB1F1E312726735006E0583 /* Restfulie.m */ = {isa = PBXFileReference; fileEncoding = 4; lastKnownFileType = sourcecode.c.objc; path = Restfulie.m; sourceTree = "<group>"; };
		5DB1F1E6127267B3006E0583 /* Response.h */ = {isa = PBXFileReference; fileEncoding = 4; lastKnownFileType = sourcecode.c.h; path = Response.h; sourceTree = "<group>"; };
		5DB1F1E7127267B3006E0583 /* Response.m */ = {isa = PBXFileReference; fileEncoding = 4; lastKnownFileType = sourcecode.c.objc; path = Response.m; sourceTree = "<group>"; };
		5DB1F1EC12726C7C006E0583 /* Request.h */ = {isa = PBXFileReference; fileEncoding = 4; lastKnownFileType = sourcecode.c.h; path = Request.h; sourceTree = "<group>"; };
		5DB1F1ED12726C7C006E0583 /* Request.m */ = {isa = PBXFileReference; fileEncoding = 4; lastKnownFileType = sourcecode.c.objc; path = Request.m; sourceTree = "<group>"; };
		5DB1F20212726E29006E0583 /* Resource.h */ = {isa = PBXFileReference; fileEncoding = 4; lastKnownFileType = sourcecode.c.h; path = Resource.h; sourceTree = "<group>"; };
		5DB1F20312726E29006E0583 /* Resource.m */ = {isa = PBXFileReference; fileEncoding = 4; lastKnownFileType = sourcecode.c.objc; path = Resource.m; sourceTree = "<group>"; };
		5DB1F21412726EC2006E0583 /* DesignTesting.h */ = {isa = PBXFileReference; fileEncoding = 4; lastKnownFileType = sourcecode.c.h; path = DesignTesting.h; sourceTree = "<group>"; };
		5DB1F21512726EC2006E0583 /* DesignTesting.m */ = {isa = PBXFileReference; fileEncoding = 4; lastKnownFileType = sourcecode.c.objc; path = DesignTesting.m; sourceTree = "<group>"; };
		5DB1F25F12727946006E0583 /* Offer.h */ = {isa = PBXFileReference; fileEncoding = 4; lastKnownFileType = sourcecode.c.h; path = Offer.h; sourceTree = "<group>"; };
		5DB1F26012727946006E0583 /* Offer.m */ = {isa = PBXFileReference; fileEncoding = 4; lastKnownFileType = sourcecode.c.objc; path = Offer.m; sourceTree = "<group>"; };
		5DB1F2C312727FD9006E0583 /* JSON.h */ = {isa = PBXFileReference; fileEncoding = 4; lastKnownFileType = sourcecode.c.h; path = JSON.h; sourceTree = "<group>"; };
		5DB1F2C412727FD9006E0583 /* NSObject+SBJSON.h */ = {isa = PBXFileReference; fileEncoding = 4; lastKnownFileType = sourcecode.c.h; path = "NSObject+SBJSON.h"; sourceTree = "<group>"; };
		5DB1F2C512727FD9006E0583 /* NSObject+SBJSON.m */ = {isa = PBXFileReference; fileEncoding = 4; lastKnownFileType = sourcecode.c.objc; path = "NSObject+SBJSON.m"; sourceTree = "<group>"; };
		5DB1F2C612727FD9006E0583 /* NSString+SBJSON.h */ = {isa = PBXFileReference; fileEncoding = 4; lastKnownFileType = sourcecode.c.h; path = "NSString+SBJSON.h"; sourceTree = "<group>"; };
		5DB1F2C712727FD9006E0583 /* NSString+SBJSON.m */ = {isa = PBXFileReference; fileEncoding = 4; lastKnownFileType = sourcecode.c.objc; path = "NSString+SBJSON.m"; sourceTree = "<group>"; };
		5DB1F2C812727FD9006E0583 /* SBJsonBase.h */ = {isa = PBXFileReference; fileEncoding = 4; lastKnownFileType = sourcecode.c.h; path = SBJsonBase.h; sourceTree = "<group>"; };
		5DB1F2C912727FD9006E0583 /* SBJsonBase.m */ = {isa = PBXFileReference; fileEncoding = 4; lastKnownFileType = sourcecode.c.objc; path = SBJsonBase.m; sourceTree = "<group>"; };
		5DB1F2CA12727FD9006E0583 /* SBJsonParser.h */ = {isa = PBXFileReference; fileEncoding = 4; lastKnownFileType = sourcecode.c.h; path = SBJsonParser.h; sourceTree = "<group>"; };
		5DB1F2CB12727FD9006E0583 /* SBJsonParser.m */ = {isa = PBXFileReference; fileEncoding = 4; lastKnownFileType = sourcecode.c.objc; path = SBJsonParser.m; sourceTree = "<group>"; };
		5DB1F2CC12727FD9006E0583 /* SBJsonWriter.h */ = {isa = PBXFileReference; fileEncoding = 4; lastKnownFileType = sourcecode.c.h; path = SBJsonWriter.h; sourceTree = "<group>"; };
		5DB1F2CD12727FD9006E0583 /* SBJsonWriter.m */ = {isa = PBXFileReference; fileEncoding = 4; lastKnownFileType = sourcecode.c.objc; path = SBJsonWriter.m; sourceTree = "<group>"; };
		5DB1F2EE12728061006E0583 /* JSONUnmarshaller.h */ = {isa = PBXFileReference; fileEncoding = 4; lastKnownFileType = sourcecode.c.h; path = JSONUnmarshaller.h; sourceTree = "<group>"; };
		5DB1F2EF12728061006E0583 /* JSONUnmarshaller.m */ = {isa = PBXFileReference; fileEncoding = 4; lastKnownFileType = sourcecode.c.objc; path = JSONUnmarshaller.m; sourceTree = "<group>"; };
		5DB1F2FD127281D0006E0583 /* Unmarshaller.h */ = {isa = PBXFileReference; fileEncoding = 4; lastKnownFileType = sourcecode.c.h; path = Unmarshaller.h; sourceTree = "<group>"; };
		5DB1F3961272883F006E0583 /* Main.h */ = {isa = PBXFileReference; fileEncoding = 4; lastKnownFileType = sourcecode.c.h; path = Main.h; sourceTree = "<group>"; };
		5DB1F3971272883F006E0583 /* Main.m */ = {isa = PBXFileReference; fileEncoding = 4; lastKnownFileType = sourcecode.c.objc; path = Main.m; sourceTree = "<group>"; };
		D2A6134D07B89F6200DD23D3 /* CoreData.framework */ = {isa = PBXFileReference; lastKnownFileType = wrapper.framework; name = CoreData.framework; path = /System/Library/Frameworks/CoreData.framework; sourceTree = "<absolute>"; };
		D2AAC0C705546C1D00DB518D /* restfulie-objc.dylib */ = {isa = PBXFileReference; explicitFileType = "compiled.mach-o.dylib"; includeInIndex = 0; path = "restfulie-objc.dylib"; sourceTree = BUILT_PRODUCTS_DIR; };
/* End PBXFileReference section */

/* Begin PBXFrameworksBuildPhase section */
		D2AAC0C505546C1D00DB518D /* Frameworks */ = {
			isa = PBXFrameworksBuildPhase;
			buildActionMask = 2147483647;
			files = (
				D2AAC0CC05546C4400DB518D /* Cocoa.framework in Frameworks */,
			);
			runOnlyForDeploymentPostprocessing = 0;
		};
/* End PBXFrameworksBuildPhase section */

/* Begin PBXGroup section */
		034768DFFF38A50411DB9C8B /* Products */ = {
			isa = PBXGroup;
			children = (
				D2AAC0C705546C1D00DB518D /* restfulie-objc.dylib */,
			);
			name = Products;
			sourceTree = "<group>";
		};
		0867D691FE84028FC02AAC07 /* restfulie-objc */ = {
			isa = PBXGroup;
			children = (
				5DB1F2C212727FD9006E0583 /* json-framework */,
				08FB77AEFE84172EC02AAC07 /* Classes */,
				32C88DFF0371C24200C91783 /* Other Sources */,
				0867D69AFE84028FC02AAC07 /* External Frameworks and Libraries */,
				034768DFFF38A50411DB9C8B /* Products */,
			);
			name = "restfulie-objc";
			sourceTree = "<group>";
		};
		0867D69AFE84028FC02AAC07 /* External Frameworks and Libraries */ = {
			isa = PBXGroup;
			children = (
				1058C7B0FEA5585E11CA2CBB /* Linked Frameworks */,
				1058C7B2FEA5585E11CA2CBB /* Other Frameworks */,
			);
			name = "External Frameworks and Libraries";
			sourceTree = "<group>";
		};
		08FB77AEFE84172EC02AAC07 /* Classes */ = {
			isa = PBXGroup;
			children = (
				5DB1F2E71272802C006E0583 /* http */,
				5DB1F2E812728039006E0583 /* parse */,
				5DB1F21812726EC6006E0583 /* test */,
				5DB1F1E212726735006E0583 /* Restfulie.h */,
				5DB1F1E312726735006E0583 /* Restfulie.m */,
				5DB1F1E6127267B3006E0583 /* Response.h */,
				5DB1F1E7127267B3006E0583 /* Response.m */,
				5DB1F20212726E29006E0583 /* Resource.h */,
				5DB1F20312726E29006E0583 /* Resource.m */,
				5DB1F3961272883F006E0583 /* Main.h */,
				5DB1F3971272883F006E0583 /* Main.m */,
			);
			name = Classes;
			sourceTree = "<group>";
		};
		1058C7B0FEA5585E11CA2CBB /* Linked Frameworks */ = {
			isa = PBXGroup;
			children = (
				1058C7B1FEA5585E11CA2CBB /* Cocoa.framework */,
			);
			name = "Linked Frameworks";
			sourceTree = "<group>";
		};
		1058C7B2FEA5585E11CA2CBB /* Other Frameworks */ = {
			isa = PBXGroup;
			children = (
				0867D6A5FE840307C02AAC07 /* AppKit.framework */,
				D2A6134D07B89F6200DD23D3 /* CoreData.framework */,
				0867D69BFE84028FC02AAC07 /* Foundation.framework */,
			);
			name = "Other Frameworks";
			sourceTree = "<group>";
		};
		32C88DFF0371C24200C91783 /* Other Sources */ = {
			isa = PBXGroup;
			children = (
				32DBCF5E0370ADEE00C91783 /* restfulie-objc_Prefix.pch */,
			);
			name = "Other Sources";
			sourceTree = "<group>";
		};
		5DB1F21812726EC6006E0583 /* test */ = {
			isa = PBXGroup;
			children = (
				5DB1F21412726EC2006E0583 /* DesignTesting.h */,
				5DB1F21512726EC2006E0583 /* DesignTesting.m */,
				5DB1F25F12727946006E0583 /* Offer.h */,
				5DB1F26012727946006E0583 /* Offer.m */,
			);
			name = test;
			sourceTree = "<group>";
		};
		5DB1F2C212727FD9006E0583 /* json-framework */ = {
			isa = PBXGroup;
			children = (
				5DB1F2C312727FD9006E0583 /* JSON.h */,
				5DB1F2C412727FD9006E0583 /* NSObject+SBJSON.h */,
				5DB1F2C512727FD9006E0583 /* NSObject+SBJSON.m */,
				5DB1F2C612727FD9006E0583 /* NSString+SBJSON.h */,
				5DB1F2C712727FD9006E0583 /* NSString+SBJSON.m */,
				5DB1F2C812727FD9006E0583 /* SBJsonBase.h */,
				5DB1F2C912727FD9006E0583 /* SBJsonBase.m */,
				5DB1F2CA12727FD9006E0583 /* SBJsonParser.h */,
				5DB1F2CB12727FD9006E0583 /* SBJsonParser.m */,
				5DB1F2CC12727FD9006E0583 /* SBJsonWriter.h */,
				5DB1F2CD12727FD9006E0583 /* SBJsonWriter.m */,
			);
			path = "json-framework";
			sourceTree = "<group>";
		};
		5DB1F2E71272802C006E0583 /* http */ = {
			isa = PBXGroup;
			children = (
				5DB1F1EC12726C7C006E0583 /* Request.h */,
				5DB1F1ED12726C7C006E0583 /* Request.m */,
			);
			name = http;
			sourceTree = "<group>";
		};
		5DB1F2E812728039006E0583 /* parse */ = {
			isa = PBXGroup;
			children = (
				5DB1F2EE12728061006E0583 /* JSONUnmarshaller.h */,
				5DB1F2EF12728061006E0583 /* JSONUnmarshaller.m */,
				5DB1F2FD127281D0006E0583 /* Unmarshaller.h */,
			);
			name = parse;
			sourceTree = "<group>";
		};
/* End PBXGroup section */

/* Begin PBXHeadersBuildPhase section */
		D2AAC0C305546C1D00DB518D /* Headers */ = {
			isa = PBXHeadersBuildPhase;
			buildActionMask = 2147483647;
			files = (
				5DB1F1E412726735006E0583 /* Restfulie.h in Headers */,
				5DB1F1E8127267B3006E0583 /* Response.h in Headers */,
				5DB1F1EE12726C7C006E0583 /* Request.h in Headers */,
				5DB1F20412726E29006E0583 /* Resource.h in Headers */,
				5DB1F21612726EC2006E0583 /* DesignTesting.h in Headers */,
				5DB1F26112727946006E0583 /* Offer.h in Headers */,
				5DB1F2CE12727FD9006E0583 /* JSON.h in Headers */,
				5DB1F2CF12727FD9006E0583 /* NSObject+SBJSON.h in Headers */,
				5DB1F2D112727FD9006E0583 /* NSString+SBJSON.h in Headers */,
				5DB1F2D312727FD9006E0583 /* SBJsonBase.h in Headers */,
				5DB1F2D512727FD9006E0583 /* SBJsonParser.h in Headers */,
				5DB1F2D712727FD9006E0583 /* SBJsonWriter.h in Headers */,
				5DB1F2F012728061006E0583 /* JSONUnmarshaller.h in Headers */,
				5DB1F2FF127281D0006E0583 /* Unmarshaller.h in Headers */,
				5DB1F3981272883F006E0583 /* Main.h in Headers */,
			);
			runOnlyForDeploymentPostprocessing = 0;
		};
/* End PBXHeadersBuildPhase section */

/* Begin PBXNativeTarget section */
		D2AAC0C605546C1D00DB518D /* restfulie-objc */ = {
			isa = PBXNativeTarget;
			buildConfigurationList = 1DEB917D08733D990010E9CD /* Build configuration list for PBXNativeTarget "restfulie-objc" */;
			buildPhases = (
				D2AAC0C305546C1D00DB518D /* Headers */,
				D2AAC0C405546C1D00DB518D /* Sources */,
				D2AAC0C505546C1D00DB518D /* Frameworks */,
			);
			buildRules = (
			);
			dependencies = (
			);
			name = "restfulie-objc";
			productName = "restfulie-objc";
			productReference = D2AAC0C705546C1D00DB518D /* restfulie-objc.dylib */;
			productType = "com.apple.product-type.library.dynamic";
		};
/* End PBXNativeTarget section */

/* Begin PBXProject section */
		0867D690FE84028FC02AAC07 /* Project object */ = {
			isa = PBXProject;
			buildConfigurationList = 1DEB918108733D990010E9CD /* Build configuration list for PBXProject "restfulie-objc" */;
			compatibilityVersion = "Xcode 3.1";
			developmentRegion = English;
			hasScannedForEncodings = 1;
			knownRegions = (
				English,
				Japanese,
				French,
				German,
			);
			mainGroup = 0867D691FE84028FC02AAC07 /* restfulie-objc */;
			productRefGroup = 034768DFFF38A50411DB9C8B /* Products */;
			projectDirPath = "";
			projectRoot = "";
			targets = (
				D2AAC0C605546C1D00DB518D /* restfulie-objc */,
			);
		};
/* End PBXProject section */

/* Begin PBXSourcesBuildPhase section */
		D2AAC0C405546C1D00DB518D /* Sources */ = {
			isa = PBXSourcesBuildPhase;
			buildActionMask = 2147483647;
			files = (
				5DB1F1E512726735006E0583 /* Restfulie.m in Sources */,
				5DB1F1E9127267B3006E0583 /* Response.m in Sources */,
				5DB1F1EF12726C7C006E0583 /* Request.m in Sources */,
				5DB1F20512726E29006E0583 /* Resource.m in Sources */,
				5DB1F21712726EC2006E0583 /* DesignTesting.m in Sources */,
				5DB1F26212727946006E0583 /* Offer.m in Sources */,
				5DB1F2D012727FD9006E0583 /* NSObject+SBJSON.m in Sources */,
				5DB1F2D212727FD9006E0583 /* NSString+SBJSON.m in Sources */,
				5DB1F2D412727FD9006E0583 /* SBJsonBase.m in Sources */,
				5DB1F2D612727FD9006E0583 /* SBJsonParser.m in Sources */,
				5DB1F2D812727FD9006E0583 /* SBJsonWriter.m in Sources */,
				5DB1F2F112728061006E0583 /* JSONUnmarshaller.m in Sources */,
				5DB1F3991272883F006E0583 /* Main.m in Sources */,
			);
			runOnlyForDeploymentPostprocessing = 0;
		};
/* End PBXSourcesBuildPhase section */

/* Begin XCBuildConfiguration section */
		1DEB917E08733D990010E9CD /* Debug */ = {
			isa = XCBuildConfiguration;
			buildSettings = {
				ALWAYS_SEARCH_USER_PATHS = NO;
				COPY_PHASE_STRIP = NO;
				DYLIB_COMPATIBILITY_VERSION = 1;
				DYLIB_CURRENT_VERSION = 1;
				GCC_DYNAMIC_NO_PIC = NO;
				GCC_ENABLE_FIX_AND_CONTINUE = YES;
				GCC_MODEL_TUNING = G5;
				GCC_OPTIMIZATION_LEVEL = 0;
				GCC_PRECOMPILE_PREFIX_HEADER = YES;
				GCC_PREFIX_HEADER = "restfulie-objc_Prefix.pch";
				INSTALL_PATH = /usr/local/lib;
				PRODUCT_NAME = "restfulie-objc";
			};
			name = Debug;
		};
		1DEB917F08733D990010E9CD /* Release */ = {
			isa = XCBuildConfiguration;
			buildSettings = {
				ALWAYS_SEARCH_USER_PATHS = NO;
				DEBUG_INFORMATION_FORMAT = "dwarf-with-dsym";
				DYLIB_COMPATIBILITY_VERSION = 1;
				DYLIB_CURRENT_VERSION = 1;
				GCC_MODEL_TUNING = G5;
				GCC_PRECOMPILE_PREFIX_HEADER = YES;
				GCC_PREFIX_HEADER = "restfulie-objc_Prefix.pch";
				INSTALL_PATH = /usr/local/lib;
				PRODUCT_NAME = "restfulie-objc";
			};
			name = Release;
		};
		1DEB918208733D990010E9CD /* Debug */ = {
			isa = XCBuildConfiguration;
			buildSettings = {
				ARCHS = "$(ARCHS_STANDARD_32_64_BIT)";
				GCC_C_LANGUAGE_STANDARD = gnu99;
				GCC_OPTIMIZATION_LEVEL = 0;
				GCC_WARN_ABOUT_RETURN_TYPE = YES;
				GCC_WARN_UNUSED_VARIABLE = YES;
				ONLY_ACTIVE_ARCH = YES;
				PREBINDING = NO;
				SDKROOT = macosx10.6;
			};
			name = Debug;
		};
		1DEB918308733D990010E9CD /* Release */ = {
			isa = XCBuildConfiguration;
			buildSettings = {
				ARCHS = "$(ARCHS_STANDARD_32_64_BIT)";
				GCC_C_LANGUAGE_STANDARD = gnu99;
				GCC_WARN_ABOUT_RETURN_TYPE = YES;
				GCC_WARN_UNUSED_VARIABLE = YES;
				PREBINDING = NO;
				SDKROOT = macosx10.6;
			};
			name = Release;
		};
/* End XCBuildConfiguration section */

/* Begin XCConfigurationList section */
		1DEB917D08733D990010E9CD /* Build configuration list for PBXNativeTarget "restfulie-objc" */ = {
			isa = XCConfigurationList;
			buildConfigurations = (
				1DEB917E08733D990010E9CD /* Debug */,
				1DEB917F08733D990010E9CD /* Release */,
			);
			defaultConfigurationIsVisible = 0;
			defaultConfigurationName = Release;
		};
		1DEB918108733D990010E9CD /* Build configuration list for PBXProject "restfulie-objc" */ = {
			isa = XCConfigurationList;
			buildConfigurations = (
				1DEB918208733D990010E9CD /* Debug */,
				1DEB918308733D990010E9CD /* Release */,
			);
			defaultConfigurationIsVisible = 0;
			defaultConfigurationName = Release;
		};
/* End XCConfigurationList section */
	};
	rootObject = 0867D690FE84028FC02AAC07 /* Project object */;
}
